github.com/emersion/go-dkim v0.0.0-20180915155134-eb84b016af30 h1:FMEUFuach/OdLi0Tm80wpNfYM2nxbbIu++loKnZBQy8=
github.com/emersion/go-dkim v0.0.0-20180915155134-eb84b016af30/go.mod h1:fw1eBLPknIEhH5G4HLKLaKppeyDlo9XzC7J9fLuv15M=
github.com/go-mail/mail v0.0.0-20180731213649-a0242b2233b4 h1:cKNkF2DDHE2ma92dgJFh34kqQmTmuF4uGkKILpmE0n4=
github.com/go-mail/mail v0.0.0-20180731213649-a0242b2233b4/go.mod h1:VPWjmmNyRsWXQZHVHT3g0YbIINUkSmuKOiLIDkWbL6M=
github.com/golang/protobuf v1.2.0 h1:P3YflyNX/ehuJFLhxviNdFxQPkGK5cDcApsge1SqnvM=
github.com/golang/protobuf v1.2.0/go.mod h1:6lQm79b+lXiMfvg/cZm0SGofjICqVBUtrP5yJMmIC1U=
github.com/gorilla/websocket v1.4.0 h1:WDFjx/TMzVgy9VdMMQi2K2Emtwi2QcUQsztZ/zLaH/Q=
github.com/gorilla/websocket v1.4.0/go.mod h1:E7qHFY5m1UJ88s3WnNqhKjPHQ0heANvMoAMk2YaljkQ=
github.com/jessevdk/go-flags v1.4.0 h1:4IU2WS7AumrZ/40jfhf4QVDMsQwqA7VEHozFRrGARJA=
github.com/jessevdk/go-flags v1.4.0/go.mod h1:4FA24M0QyGHXBuZZK/XkWh8h0e1EYbRYJSGM75WSRxI=
github.com/tarm/serial v0.0.0-20180830185346-98f6abe2eb07 h1:UyzmZLoiDWMRywV4DUYb9Fbt8uiOSooupjTq10vpvnU=
github.com/tarm/serial v0.0.0-20180830185346-98f6abe2eb07/go.mod h1:kDXzergiv9cbyO7IOYJZWg1U88JhDg3PB6klq9Hg2pA=
github.com/telenordigital/nbiot-go v0.0.0-20181010134207-1d3bb7848942 h1:fxvIA7TJqW/EMAW6p/5UpZKh8NwQTVpn9TVKbsrd+UY=
github.com/telenordigital/nbiot-go v0.0.0-20181010134207-1d3bb7848942/go.mod h1:yMF8A+MyEU+nm0GCBhOqxMiqFtzg5kqyjsh/JWCy21M=
